
Microsoft Visual Studio Solution File, Format Version 12.00
# Visual Studio Version 17
VisualStudioVersion = 17.14.36908.2 d17.14
MinimumVisualStudioVersion = 10.0.40219.1
Project("{FAE04EC0-301F-11D3-BF4B-00C04F79EFBC}") = "Projeto_AssistenciaTec", "Projeto_AssistenciaTec\Projeto_AssistenciaTec.csproj", "{05918B80-5555-4F62-A34A-2A14B2B0E3D1}"
EndProject
Global
	GlobalSection(SolutionConfigurationPlatforms) = preSolution
		Debug|Any CPU = Debug|Any CPU
		Release|Any CPU = Release|Any CPU
	EndGlobalSection
	GlobalSection(ProjectConfigurationPlatforms) = postSolution
		{05918B80-5555-4F62-A34A-2A14B2B0E3D1}.Debug|Any CPU.ActiveCfg = Debug|Any CPU
		{05918B80-5555-4F62-A34A-2A14B2B0E3D1}.Debug|Any CPU.Build.0 = Debug|Any CPU
		{05918B80-5555-4F62-A34A-2A14B2B0E3D1}.Release|Any CPU.ActiveCfg = Release|Any CPU
		{05918B80-5555-4F62-A34A-2A14B2B0E3D1}.Release|Any CPU.Build.0 = Release|Any CPU
	EndGlobalSection
	GlobalSection(SolutionProperties) = preSolution
		HideSolutionNode = FALSE
	EndGlobalSection
	GlobalSection(ExtensibilityGlobals) = postSolution
		SolutionGuid = {231EB842-2289-4989-B85B-63A21842477C}
	EndGlobalSection
EndGlobal
